// !$*UTF8*$!
{
	archiveVersion = 1;
	classes = {
	};
	objectVersion = 46;
	objects = {

/* Begin PBXBuildFile section */
		0E26C5E095724AFF849184A9 /* libPods.a in Frameworks */ = {isa = PBXBuildFile; fileRef = B649B6AA5F2C44D681198D56 /* libPods.a */; };
		8A2EEE141807E7060075FBFB /* UIKit.framework in Frameworks */ = {isa = PBXBuildFile; fileRef = 8A2EEE131807E7060075FBFB /* UIKit.framework */; };
		8A2EEE161807E7060075FBFB /* Foundation.framework in Frameworks */ = {isa = PBXBuildFile; fileRef = 8A2EEE151807E7060075FBFB /* Foundation.framework */; };
		8A2EEE181807E7060075FBFB /* CoreGraphics.framework in Frameworks */ = {isa = PBXBuildFile; fileRef = 8A2EEE171807E7060075FBFB /* CoreGraphics.framework */; };
		8A2EEE1E1807E7060075FBFB /* InfoPlist.strings in Resources */ = {isa = PBXBuildFile; fileRef = 8A2EEE1C1807E7060075FBFB /* InfoPlist.strings */; };
		8A2EEE201807E7060075FBFB /* main.m in Sources */ = {isa = PBXBuildFile; fileRef = 8A2EEE1F1807E7060075FBFB /* main.m */; };
		8A2EEE241807E7060075FBFB /* AppDelegate.m in Sources */ = {isa = PBXBuildFile; fileRef = 8A2EEE231807E7060075FBFB /* AppDelegate.m */; };
		8A2EEE261807E7060075FBFB /* Default.png in Resources */ = {isa = PBXBuildFile; fileRef = 8A2EEE251807E7060075FBFB /* Default.png */; };
		8A2EEE281807E7060075FBFB /* Default@2x.png in Resources */ = {isa = PBXBuildFile; fileRef = 8A2EEE271807E7060075FBFB /* Default@2x.png */; };
		8A2EEE2A1807E7060075FBFB /* Default-568h@2x.png in Resources */ = {isa = PBXBuildFile; fileRef = 8A2EEE291807E7060075FBFB /* Default-568h@2x.png */; };
		8A2EEE2D1807E7060075FBFB /* ViewController.m in Sources */ = {isa = PBXBuildFile; fileRef = 8A2EEE2C1807E7060075FBFB /* ViewController.m */; };
		8A2EEE301807E7060075FBFB /* ViewController.xib in Resources */ = {isa = PBXBuildFile; fileRef = 8A2EEE2E1807E7060075FBFB /* ViewController.xib */; };
/* End PBXBuildFile section */

/* Begin PBXFileReference section */
		8A2EEE101807E7060075FBFB /* HowToUsePods.app */ = {isa = PBXFileReference; explicitFileType = wrapper.application; includeInIndex = 0; path = HowToUsePods.app; sourceTree = BUILT_PRODUCTS_DIR; };
		8A2EEE131807E7060075FBFB /* UIKit.framework */ = {isa = PBXFileReference; lastKnownFileType = wrapper.framework; name = UIKit.framework; path = System/Library/Frameworks/UIKit.framework; sourceTree = SDKROOT; };
		8A2EEE151807E7060075FBFB /* Foundation.framework */ = {isa = PBXFileReference; lastKnownFileType = wrapper.framework; name = Foundation.framework; path = System/Library/Frameworks/Foundation.framework; sourceTree = SDKROOT; };
		8A2EEE171807E7060075FBFB /* CoreGraphics.framework */ = {isa = PBXFileReference; lastKnownFileType = wrapper.framework; name = CoreGraphics.framework; path = System/Library/Frameworks/CoreGraphics.framework; sourceTree = SDKROOT; };
		8A2EEE1B1807E7060075FBFB /* HowToUsePods-Info.plist */ = {isa = PBXFileReference; lastKnownFileType = text.plist.xml; path = "HowToUsePods-Info.plist"; sourceTree = "<group>"; };
		8A2EEE1D1807E7060075FBFB /* en */ = {isa = PBXFileReference; lastKnownFileType = text.plist.strings; name = en; path = en.lproj/InfoPlist.strings; sourceTree = "<group>"; };
		8A2EEE1F1807E7060075FBFB /* main.m */ = {isa = PBXFileReference; lastKnownFileType = sourcecode.c.objc; path = main.m; sourceTree = "<group>"; };
		8A2EEE211807E7060075FBFB /* HowToUsePods-Prefix.pch */ = {isa = PBXFileReference; lastKnownFileType = sourcecode.c.h; path = "HowToUsePods-Prefix.pch"; sourceTree = "<group>"; };
		8A2EEE221807E7060075FBFB /* AppDelegate.h */ = {isa = PBXFileReference; lastKnownFileType = sourcecode.c.h; path = AppDelegate.h; sourceTree = "<group>"; };
		8A2EEE231807E7060075FBFB /* AppDelegate.m */ = {isa = PBXFileReference; lastKnownFileType = sourcecode.c.objc; path = AppDelegate.m; sourceTree = "<group>"; };
		8A2EEE251807E7060075FBFB /* Default.png */ = {isa = PBXFileReference; lastKnownFileType = image.png; path = Default.png; sourceTree = "<group>"; };
		8A2EEE271807E7060075FBFB /* Default@2x.png */ = {isa = PBXFileReference; lastKnownFileType = image.png; path = "Default@2x.png"; sourceTree = "<group>"; };
		8A2EEE291807E7060075FBFB /* Default-568h@2x.png */ = {isa = PBXFileReference; lastKnownFileType = image.png; path = "Default-568h@2x.png"; sourceTree = "<group>"; };
		8A2EEE2B1807E7060075FBFB /* ViewController.h */ = {isa = PBXFileReference; lastKnownFileType = sourcecode.c.h; path = ViewController.h; sourceTree = "<group>"; };
		8A2EEE2C1807E7060075FBFB /* ViewController.m */ = {isa = PBXFileReference; lastKnownFileType = sourcecode.c.objc; path = ViewController.m; sourceTree = "<group>"; };
		8A2EEE2F1807E7060075FBFB /* en */ = {isa = PBXFileReference; lastKnownFileType = file.xib; name = en; path = en.lproj/ViewController.xib; sourceTree = "<group>"; };
		B649B6AA5F2C44D681198D56 /* libPods.a */ = {isa = PBXFileReference; explicitFileType = archive.ar; includeInIndex = 0; path = libPods.a; sourceTree = BUILT_PRODUCTS_DIR; };
		D7D0661057CF468A9EDE2A15 /* Pods.xcconfig */ = {isa = PBXFileReference; includeInIndex = 1; lastKnownFileType = text.xcconfig; name = Pods.xcconfig; path = Pods/Pods.xcconfig; sourceTree = SOURCE_ROOT; };
/* End PBXFileReference section */

/* Begin PBXFrameworksBuildPhase section */
		8A2EEE0D1807E7060075FBFB /* Frameworks */ = {
			isa = PBXFrameworksBuildPhase;
			buildActionMask = 2147483647;
			files = (
				8A2EEE141807E7060075FBFB /* UIKit.framework in Frameworks */,
				8A2EEE161807E7060075FBFB /* Foundation.framework in Frameworks */,
				8A2EEE181807E7060075FBFB /* CoreGraphics.framework in Frameworks */,
				0E26C5E095724AFF849184A9 /* libPods.a in Frameworks */,
			);
			runOnlyForDeploymentPostprocessing = 0;
		};
/* End PBXFrameworksBuildPhase section */

/* Begin PBXGroup section */
		8A2EEE071807E7060075FBFB = {
			isa = PBXGroup;
			children = (
				8A2EEE191807E7060075FBFB /* HowToUsePods */,
				8A2EEE121807E7060075FBFB /* Frameworks */,
				8A2EEE111807E7060075FBFB /* Products */,
				D7D0661057CF468A9EDE2A15 /* Pods.xcconfig */,
			);
			sourceTree = "<group>";
		};
		8A2EEE111807E7060075FBFB /* Products */ = {
			isa = PBXGroup;
			children = (
				8A2EEE101807E7060075FBFB /* HowToUsePods.app */,
			);
			name = Products;
			sourceTree = "<group>";
		};
		8A2EEE121807E7060075FBFB /* Frameworks */ = {
			isa = PBXGroup;
			children = (
				8A2EEE131807E7060075FBFB /* UIKit.framework */,
				8A2EEE151807E7060075FBFB /* Foundation.framework */,
				8A2EEE171807E7060075FBFB /* CoreGraphics.framework */,
				B649B6AA5F2C44D681198D56 /* libPods.a */,
			);
			name = Frameworks;
			sourceTree = "<group>";
		};
		8A2EEE191807E7060075FBFB /* HowToUsePods */ = {
			isa = PBXGroup;
			children = (
				8A2EEE221807E7060075FBFB /* AppDelegate.h */,
				8A2EEE231807E7060075FBFB /* AppDelegate.m */,
				8A2EEE2B1807E7060075FBFB /* ViewController.h */,
				8A2EEE2C1807E7060075FBFB /* ViewController.m */,
				8A2EEE2E1807E7060075FBFB /* ViewController.xib */,
				8A2EEE1A1807E7060075FBFB /* Supporting Files */,
			);
			path = HowToUsePods;
			sourceTree = "<group>";
		};
		8A2EEE1A1807E7060075FBFB /* Supporting Files */ = {
			isa = PBXGroup;
			children = (
				8A2EEE1B1807E7060075FBFB /* HowToUsePods-Info.plist */,
				8A2EEE1C1807E7060075FBFB /* InfoPlist.strings */,
				8A2EEE1F1807E7060075FBFB /* main.m */,
				8A2EEE211807E7060075FBFB /* HowToUsePods-Prefix.pch */,
				8A2EEE251807E7060075FBFB /* Default.png */,
				8A2EEE271807E7060075FBFB /* Default@2x.png */,
				8A2EEE291807E7060075FBFB /* Default-568h@2x.png */,
			);
			name = "Supporting Files";
			sourceTree = "<group>";
		};
/* End PBXGroup section */

/* Begin PBXNativeTarget section */
		8A2EEE0F1807E7060075FBFB /* HowToUsePods */ = {
			isa = PBXNativeTarget;
			buildConfigurationList = 8A2EEE331807E7060075FBFB /* Build configuration list for PBXNativeTarget "HowToUsePods" */;
			buildPhases = (
				2BBF3A565EA14FE48AE38AD1 /* Check Pods Manifest.lock */,
				8A2EEE0C1807E7060075FBFB /* Sources */,
				8A2EEE0D1807E7060075FBFB /* Frameworks */,
				8A2EEE0E1807E7060075FBFB /* Resources */,
				2C6C490CF3B94AE38F3A9C39 /* Copy Pods Resources */,
			);
			buildRules = (
			);
			dependencies = (
			);
			name = HowToUsePods;
			productName = HowToUsePods;
			productReference = 8A2EEE101807E7060075FBFB /* HowToUsePods.app */;
			productType = "com.apple.product-type.application";
		};
/* End PBXNativeTarget section */

/* Begin PBXProject section */
		8A2EEE081807E7060075FBFB /* Project object */ = {
			isa = PBXProject;
			attributes = {
				LastUpgradeCheck = 0460;
				ORGANIZATIONNAME = "e-innotech";
			};
			buildConfigurationList = 8A2EEE0B1807E7060075FBFB /* Build configuration list for PBXProject "HowToUsePods" */;
			compatibilityVersion = "Xcode 3.2";
			developmentRegion = English;
			hasScannedForEncodings = 0;
			knownRegions = (
				en,
			);
			mainGroup = 8A2EEE071807E7060075FBFB;
			productRefGroup = 8A2EEE111807E7060075FBFB /* Products */;
			projectDirPath = "";
			projectRoot = "";
			targets = (
				8A2EEE0F1807E7060075FBFB /* HowToUsePods */,
			);
		};
/* End PBXProject section */

/* Begin PBXResourcesBuildPhase section */
		8A2EEE0E1807E7060075FBFB /* Resources */ = {
			isa = PBXResourcesBuildPhase;
			buildActionMask = 2147483647;
			files = (
				8A2EEE1E1807E7060075FBFB /* InfoPlist.strings in Resources */,
				8A2EEE261807E7060075FBFB /* Default.png in Resources */,
				8A2EEE281807E7060075FBFB /* Default@2x.png in Resources */,
				8A2EEE2A1807E7060075FBFB /* Default-568h@2x.png in Resources */,
				8A2EEE301807E7060075FBFB /* ViewController.xib in Resources */,
			);
			runOnlyForDeploymentPostprocessing = 0;
		};
/* End PBXResourcesBuildPhase section */

/* Begin PBXShellScriptBuildPhase section */
		2BBF3A565EA14FE48AE38AD1 /* Check Pods Manifest.lock */ = {
			isa = PBXShellScriptBuildPhase;
			buildActionMask = 2147483647;
			files = (
			);
			inputPaths = (
			);
			name = "Check Pods Manifest.lock";
			outputPaths = (
			);
			runOnlyForDeploymentPostprocessing = 0;
			shellPath = /bin/sh;
			shellScript = "diff \"${PODS_ROOT}/../Podfile.lock\" \"${PODS_ROOT}/Manifest.lock\" > /dev/null\nif [[ $? != 0 ]] ; then\n    cat << EOM\nerror: The sandbox is not in sync with the Podfile.lock. Run 'pod install' or update your CocoaPods installation.\nEOM\n    exit 1\nfi\n";
			showEnvVarsInLog = 0;
		};
		2C6C490CF3B94AE38F3A9C39 /* Copy Pods Resources */ = {
			isa = PBXShellScriptBuildPhase;
			buildActionMask = 2147483647;
			files = (
			);
			inputPaths = (
			);
			name = "Copy Pods Resources";
			outputPaths = (
			);
			runOnlyForDeploymentPostprocessing = 0;
			shellPath = /bin/sh;
			shellScript = "\"${SRCROOT}/Pods/Pods-resources.sh\"\n";
			showEnvVarsInLog = 0;
		};
/* End PBXShellScriptBuildPhase section */

/* Begin PBXSourcesBuildPhase section */
		8A2EEE0C1807E7060075FBFB /* Sources */ = {
			isa = PBXSourcesBuildPhase;
			buildActionMask = 2147483647;
			files = (
				8A2EEE201807E7060075FBFB /* main.m in Sources */,
				8A2EEE241807E7060075FBFB /* AppDelegate.m in Sources */,
				8A2EEE2D1807E7060075FBFB /* ViewController.m in Sources */,
			);
			runOnlyForDeploymentPostprocessing = 0;
		};
/* End PBXSourcesBuildPhase section */

/* Begin PBXVariantGroup section */
		8A2EEE1C1807E7060075FBFB /* InfoPlist.strings */ = {
			isa = PBXVariantGroup;
			children = (
				8A2EEE1D1807E7060075FBFB /* en */,
			);
			name = InfoPlist.strings;
			sourceTree = "<group>";
		};
		8A2EEE2E1807E7060075FBFB /* ViewController.xib */ = {
			isa = PBXVariantGroup;
			children = (
				8A2EEE2F1807E7060075FBFB /* en */,
			);
			name = ViewController.xib;
			sourceTree = "<group>";
		};
/* End PBXVariantGroup section */

/* Begin XCBuildConfiguration section */
		8A2EEE311807E7060075FBFB /* Debug */ = {
			isa = XCBuildConfiguration;
			buildSettings = {
				ALWAYS_SEARCH_USER_PATHS = NO;
				CLANG_CXX_LANGUAGE_STANDARD = "gnu++0x";
				CLANG_CXX_LIBRARY = "libc++";
				CLANG_WARN_CONSTANT_CONVERSION = YES;
				CLANG_WARN_EMPTY_BODY = YES;
				CLANG_WARN_ENUM_CONVERSION = YES;
				CLANG_WARN_INT_CONVERSION = YES;
				CLANG_WARN__DUPLICATE_METHOD_MATCH = YES;
				"CODE_SIGN_IDENTITY[sdk=iphoneos*]" = "iPhone Developer";
				COPY_PHASE_STRIP = NO;
				GCC_C_LANGUAGE_STANDARD = gnu99;
				GCC_DYNAMIC_NO_PIC = NO;
				GCC_OPTIMIZATION_LEVEL = 0;
				GCC_PREPROCESSOR_DEFINITIONS = (
					"DEBUG=1",
					"$(inherited)",
				);
				GCC_SYMBOLS_PRIVATE_EXTERN = NO;
				GCC_WARN_ABOUT_RETURN_TYPE = YES;
				GCC_WARN_UNINITIALIZED_AUTOS = YES;
				GCC_WARN_UNUSED_VARIABLE = YES;
				IPHONEOS_DEPLOYMENT_TARGET = 6.1;
				ONLY_ACTIVE_ARCH = YES;
				SDKROOT = iphoneos;
			};
			name = Debug;
		};
		8A2EEE321807E7060075FBFB /* Release */ = {
			isa = XCBuildConfiguration;
			buildSettings = {
				ALWAYS_SEARCH_USER_PATHS = NO;
				CLANG_CXX_LANGUAGE_STANDARD = "gnu++0x";
				CLANG_CXX_LIBRARY = "libc++";
				CLANG_WARN_CONSTANT_CONVERSION = YES;
				CLANG_WARN_EMPTY_BODY = YES;
				CLANG_WARN_ENUM_CONVERSION = YES;
				CLANG_WARN_INT_CONVERSION = YES;
				CLANG_WARN__DUPLICATE_METHOD_MATCH = YES;
				"CODE_SIGN_IDENTITY[sdk=iphoneos*]" = "iPhone Developer";
				COPY_PHASE_STRIP = YES;
				GCC_C_LANGUAGE_STANDARD = gnu99;
				GCC_WARN_ABOUT_RETURN_TYPE = YES;
				GCC_WARN_UNINITIALIZED_AUTOS = YES;
				GCC_WARN_UNUSED_VARIABLE = YES;
				IPHONEOS_DEPLOYMENT_TARGET = 6.1;
				OTHER_CFLAGS = "-DNS_BLOCK_ASSERTIONS=1";
				SDKROOT = iphoneos;
				VALIDATE_PRODUCT = YES;
			};
			name = Release;
		};
		8A2EEE341807E7060075FBFB /* Debug */ = {
			isa = XCBuildConfiguration;
			baseConfigurationReference = D7D0661057CF468A9EDE2A15 /* Pods.xcconfig */;
			buildSettings = {
				CLANG_ENABLE_OBJC_ARC = NO;
				GCC_PRECOMPILE_PREFIX_HEADER = YES;
				GCC_PREFIX_HEADER = "HowToUsePods/HowToUsePods-Prefix.pch";
				INFOPLIST_FILE = "HowToUsePods/HowToUsePods-Info.plist";
				PRODUCT_NAME = "$(TARGET_NAME)";
				USER_HEADER_SEARCH_PATHS = "${SRCROOT}/**";
				WRAPPER_EXTENSION = app;
			};
			name = Debug;
		};
		8A2EEE351807E7060075FBFB /* Release */ = {
			isa = XCBuildConfiguration;
			baseConfigurationReference = D7D0661057CF468A9EDE2A15 /* Pods.xcconfig */;
			buildSettings = {
				CLANG_ENABLE_OBJC_ARC = NO;
				GCC_PRECOMPILE_PREFIX_HEADER = YES;
				GCC_PREFIX_HEADER = "HowToUsePods/HowToUsePods-Prefix.pch";
				INFOPLIST_FILE = "HowToUsePods/HowToUsePods-Info.plist";
				PRODUCT_NAME = "$(TARGET_NAME)";
				USER_HEADER_SEARCH_PATHS = "${SRCROOT}/**";
				WRAPPER_EXTENSION = app;
			};
			name = Release;
		};
/* End XCBuildConfiguration section */

/* Begin XCConfigurationList section */
		8A2EEE0B1807E7060075FBFB /* Build configuration list for PBXProject "HowToUsePods" */ = {
			isa = XCConfigurationList;
			buildConfigurations = (
				8A2EEE311807E7060075FBFB /* Debug */,
				8A2EEE321807E7060075FBFB /* Release */,
			);
			defaultConfigurationIsVisible = 0;
			defaultConfigurationName = Release;
		};
		8A2EEE331807E7060075FBFB /* Build configuration list for PBXNativeTarget "HowToUsePods" */ = {
			isa = XCConfigurationList;
			buildConfigurations = (
				8A2EEE341807E7060075FBFB /* Debug */,
				8A2EEE351807E7060075FBFB /* Release */,
			);
			defaultConfigurationIsVisible = 0;
			defaultConfigurationName = Release;
		};
/* End XCConfigurationList section */
	};
	rootObject = 8A2EEE081807E7060075FBFB /* Project object */;
}
